{
  "name": "fund-sales-demo",
  "lockfileVersion": 3,
  "requires": true,
  "packages": {
    "": {
      "name": "fund-sales-demo",
      "workspaces": [
        "packages/*"
      ]
    },
    "node_modules/@fund-demo/platform-protocol": {
      "resolved": "packages/platform-protocol",
      "link": true
    },
    "node_modules/iconv-lite": {
      "version": "0.7.3",
      "resolved": "https://registry.npmjs.org/iconv-lite/-/iconv-lite-0.7.3.tgz",
      "integrity": "sha512-IKXpvIzjnC9XTAUbVBcMfGS0EPaIXtW6v+zr+RRp+hqULEpo0owZax6wyRwPOJbWbzjYspQwusTsfVr0ifh4uQ==",
      "license": "MIT",
      "dependencies": {
        "safer-buffer": ">= 2.1.2 < 3.0.0"
      },
      "engines": {
        "node": ">=0.10.0"
      },
      "funding": {
        "type": "opencollective",
        "url": "https://opencollective.com/express"
      }
    },
    "node_modules/safer-buffer": {
      "version": "2.1.2",
      "resolved": "https://registry.npmjs.org/safer-buffer/-/safer-buffer-2.1.2.tgz",
      "integrity": "sha512-YZo3K82SD7Riyi0E1EQPojLz7kpepnSQI9IyPbHHg1XXXevb5dJI7tpyN2ADxGcQbHG7vcyRHk0cbwqcQriUtg==",
      "license": "MIT"
    },
    "packages/platform-protocol": {
      "name": "@fund-demo/platform-protocol",
      "version": "0.1.0",
      "dependencies": {
        "iconv-lite": "^0.7.0"
      }
    }
  }
}
